# This file is automatically @generated by Cargo.
# It is not intended for manual editing.
[[package]]
name = "aarch64"
version = "0.1.0"

[[package]]
name = "boot"
version = "0.1.0"
dependencies = [
 "pi 0.1.0",
 "shim 0.1.0",
 "xmodem 0.1.0",
]

[[package]]
name = "cfg-if"
version = "0.1.10"
source = "registry+https://github.com/rust-lang/crates.io-index"

[[package]]
name = "karch"
version = "0.1.0"
dependencies = [
 "aarch64 0.1.0",
 "shim 0.1.0",
 "volatile 0.1.0",
]

[[package]]
name = "mini-alloc"
version = "0.1.0"
dependencies = [
 "aarch64 0.1.0",
 "shim 0.1.0",
]

[[package]]
name = "pi"
version = "0.1.0"
dependencies = [
 "aarch64 0.1.0",
 "karch 0.1.0",
 "mini-alloc 0.1.0",
 "shim 0.1.0",
 "volatile 0.1.0",
]

[[package]]
name = "shim"
version = "0.1.0"
dependencies = [
 "cfg-if 0.1.10 (registry+https://github.com/rust-lang/crates.io-index)",
 "small_io 0.1.0",
]

[[package]]
name = "small_io"
version = "0.1.0"

[[package]]
name = "volatile"
version = "0.1.0"

[[package]]
name = "xmodem"
version = "0.1.0"
dependencies = [
 "shim 0.1.0",
]

[metadata]
"checksum cfg-if 0.1.10 (registry+https://github.com/rust-lang/crates.io-index)" = "4785bdd1c96b2a846b2bd7cc02e86b6b3dbf14e7e53446c4f54c92a361040822"
